
Microsoft Visual Studio Solution File, Format Version 10.00
# Visual Studio 2008
Project("{FAE04EC0-301F-11D3-BF4B-00C04F79EFBC}") = "Assignment_2", "Assignment_2\Assignment_2.csproj", "{ED90658E-011E-4C3F-8999-10A60607768B}"
EndProject
Global
	GlobalSection(SolutionConfigurationPlatforms) = preSolution
		Debug|Any CPU = Debug|Any CPU
		Release|Any CPU = Release|Any CPU
	EndGlobalSection
	GlobalSection(ProjectConfigurationPlatforms) = postSolution
		{ED90658E-011E-4C3F-8999-10A60607768B}.Debug|Any CPU.ActiveCfg = Debug|Any CPU
		{ED90658E-011E-4C3F-8999-10A60607768B}.Debug|Any CPU.Build.0 = Debug|Any CPU
		{ED90658E-011E-4C3F-8999-10A60607768B}.Release|Any CPU.ActiveCfg = Release|Any CPU
		{ED90658E-011E-4C3F-8999-10A60607768B}.Release|Any CPU.Build.0 = Release|Any CPU
	EndGlobalSection
	GlobalSection(SolutionProperties) = preSolution
		HideSolutionNode = FALSE
	EndGlobalSection
EndGlobal
